// !$*UTF8*$!
{
	archiveVersion = 1;
	classes = {
	};
	objectVersion = 46;
	objects = {

/* Begin PBXBuildFile section */
		AC03B56A1725F1D800BB7889 /* Cocoa.framework in Frameworks */ = {isa = PBXBuildFile; fileRef = AC03B5691725F1D800BB7889 /* Cocoa.framework */; };
		AC03B5741725F1D800BB7889 /* InfoPlist.strings in Resources */ = {isa = PBXBuildFile; fileRef = AC03B5721725F1D800BB7889 /* InfoPlist.strings */; };
		AC03B57A1725F1D800BB7889 /* Credits.rtf in Resources */ = {isa = PBXBuildFile; fileRef = AC03B5781725F1D800BB7889 /* Credits.rtf */; };
		AC964A08172630710067F66C /* BaseApp.cpp in Sources */ = {isa = PBXBuildFile; fileRef = AC964A06172630710067F66C /* BaseApp.cpp */; };
		AC9C4A1D17263FF800F14075 /* Accelerate.framework in Frameworks */ = {isa = PBXBuildFile; fileRef = AC9C4A1C17263FF800F14075 /* Accelerate.framework */; };
		AC9C4A1F1726405600F14075 /* AudioToolbox.framework in Frameworks */ = {isa = PBXBuildFile; fileRef = AC9C4A1E1726405600F14075 /* AudioToolbox.framework */; };
		AC9C4A211726407000F14075 /* AudioUnit.framework in Frameworks */ = {isa = PBXBuildFile; fileRef = AC9C4A201726407000F14075 /* AudioUnit.framework */; };
		AC9C4A231726408E00F14075 /* CoreAudio.framework in Frameworks */ = {isa = PBXBuildFile; fileRef = AC9C4A221726408E00F14075 /* CoreAudio.framework */; };
		AC9C4A25172640B800F14075 /* CoreVideo.framework in Frameworks */ = {isa = PBXBuildFile; fileRef = AC9C4A24172640B800F14075 /* CoreVideo.framework */; };
		AC9C4A27172640F000F14075 /* OpenGL.framework in Frameworks */ = {isa = PBXBuildFile; fileRef = AC9C4A26172640F000F14075 /* OpenGL.framework */; };
		AC9C4A291726411000F14075 /* QTKit.framework in Frameworks */ = {isa = PBXBuildFile; fileRef = AC9C4A281726411000F14075 /* QTKit.framework */; };
		AC9C4A2B1726413C00F14075 /* QuickTime.framework in Frameworks */ = {isa = PBXBuildFile; fileRef = AC9C4A2A1726413C00F14075 /* QuickTime.framework */; };
/* End PBXBuildFile section */

/* Begin PBXFileReference section */
		AC03B5661725F1D800BB7889 /* BaseApp.app */ = {isa = PBXFileReference; explicitFileType = wrapper.application; includeInIndex = 0; path = BaseApp.app; sourceTree = BUILT_PRODUCTS_DIR; };
		AC03B5691725F1D800BB7889 /* Cocoa.framework */ = {isa = PBXFileReference; lastKnownFileType = wrapper.framework; name = Cocoa.framework; path = System/Library/Frameworks/Cocoa.framework; sourceTree = SDKROOT; };
		AC03B56C1725F1D800BB7889 /* AppKit.framework */ = {isa = PBXFileReference; lastKnownFileType = wrapper.framework; name = AppKit.framework; path = System/Library/Frameworks/AppKit.framework; sourceTree = SDKROOT; };
		AC03B56D1725F1D800BB7889 /* CoreData.framework */ = {isa = PBXFileReference; lastKnownFileType = wrapper.framework; name = CoreData.framework; path = System/Library/Frameworks/CoreData.framework; sourceTree = SDKROOT; };
		AC03B56E1725F1D800BB7889 /* Foundation.framework */ = {isa = PBXFileReference; lastKnownFileType = wrapper.framework; name = Foundation.framework; path = System/Library/Frameworks/Foundation.framework; sourceTree = SDKROOT; };
		AC03B5731725F1D800BB7889 /* en */ = {isa = PBXFileReference; lastKnownFileType = text.plist.strings; name = en; path = en.lproj/InfoPlist.strings; sourceTree = "<group>"; };
		AC03B5771725F1D800BB7889 /* BaseApp-Prefix.pch */ = {isa = PBXFileReference; lastKnownFileType = sourcecode.c.h; path = "BaseApp-Prefix.pch"; sourceTree = "<group>"; };
		AC03B5791725F1D800BB7889 /* en */ = {isa = PBXFileReference; lastKnownFileType = text.rtf; name = en; path = en.lproj/Credits.rtf; sourceTree = "<group>"; };
		AC964A06172630710067F66C /* BaseApp.cpp */ = {isa = PBXFileReference; fileEncoding = 4; lastKnownFileType = sourcecode.cpp.cpp; path = BaseApp.cpp; sourceTree = "<group>"; };
		AC964A07172630710067F66C /* BaseApp.h */ = {isa = PBXFileReference; fileEncoding = 4; lastKnownFileType = sourcecode.c.h; path = BaseApp.h; sourceTree = "<group>"; };
		AC9C4A1C17263FF800F14075 /* Accelerate.framework */ = {isa = PBXFileReference; lastKnownFileType = wrapper.framework; name = Accelerate.framework; path = System/Library/Frameworks/Accelerate.framework; sourceTree = SDKROOT; };
		AC9C4A1E1726405600F14075 /* AudioToolbox.framework */ = {isa = PBXFileReference; lastKnownFileType = wrapper.framework; name = AudioToolbox.framework; path = System/Library/Frameworks/AudioToolbox.framework; sourceTree = SDKROOT; };
		AC9C4A201726407000F14075 /* AudioUnit.framework */ = {isa = PBXFileReference; lastKnownFileType = wrapper.framework; name = AudioUnit.framework; path = System/Library/Frameworks/AudioUnit.framework; sourceTree = SDKROOT; };
		AC9C4A221726408E00F14075 /* CoreAudio.framework */ = {isa = PBXFileReference; lastKnownFileType = wrapper.framework; name = CoreAudio.framework; path = System/Library/Frameworks/CoreAudio.framework; sourceTree = SDKROOT; };
		AC9C4A24172640B800F14075 /* CoreVideo.framework */ = {isa = PBXFileReference; lastKnownFileType = wrapper.framework; name = CoreVideo.framework; path = System/Library/Frameworks/CoreVideo.framework; sourceTree = SDKROOT; };
		AC9C4A26172640F000F14075 /* OpenGL.framework */ = {isa = PBXFileReference; lastKnownFileType = wrapper.framework; name = OpenGL.framework; path = System/Library/Frameworks/OpenGL.framework; sourceTree = SDKROOT; };
		AC9C4A281726411000F14075 /* QTKit.framework */ = {isa = PBXFileReference; lastKnownFileType = wrapper.framework; name = QTKit.framework; path = System/Library/Frameworks/QTKit.framework; sourceTree = SDKROOT; };
		AC9C4A2A1726413C00F14075 /* QuickTime.framework */ = {isa = PBXFileReference; lastKnownFileType = wrapper.framework; name = QuickTime.framework; path = System/Library/Frameworks/QuickTime.framework; sourceTree = SDKROOT; };
/* End PBXFileReference section */

/* Begin PBXFrameworksBuildPhase section */
		AC03B5631725F1D800BB7889 /* Frameworks */ = {
			isa = PBXFrameworksBuildPhase;
			buildActionMask = 2147483647;
			files = (
				AC9C4A2B1726413C00F14075 /* QuickTime.framework in Frameworks */,
				AC9C4A291726411000F14075 /* QTKit.framework in Frameworks */,
				AC9C4A27172640F000F14075 /* OpenGL.framework in Frameworks */,
				AC9C4A25172640B800F14075 /* CoreVideo.framework in Frameworks */,
				AC9C4A231726408E00F14075 /* CoreAudio.framework in Frameworks */,
				AC9C4A211726407000F14075 /* AudioUnit.framework in Frameworks */,
				AC9C4A1F1726405600F14075 /* AudioToolbox.framework in Frameworks */,
				AC9C4A1D17263FF800F14075 /* Accelerate.framework in Frameworks */,
				AC03B56A1725F1D800BB7889 /* Cocoa.framework in Frameworks */,
			);
			runOnlyForDeploymentPostprocessing = 0;
		};
/* End PBXFrameworksBuildPhase section */

/* Begin PBXGroup section */
		AC03B55D1725F1D800BB7889 = {
			isa = PBXGroup;
			children = (
				AC9C4A2A1726413C00F14075 /* QuickTime.framework */,
				AC9C4A281726411000F14075 /* QTKit.framework */,
				AC9C4A26172640F000F14075 /* OpenGL.framework */,
				AC9C4A24172640B800F14075 /* CoreVideo.framework */,
				AC9C4A221726408E00F14075 /* CoreAudio.framework */,
				AC9C4A201726407000F14075 /* AudioUnit.framework */,
				AC9C4A1E1726405600F14075 /* AudioToolbox.framework */,
				AC9C4A1C17263FF800F14075 /* Accelerate.framework */,
				AC964A06172630710067F66C /* BaseApp.cpp */,
				AC964A07172630710067F66C /* BaseApp.h */,
				AC03B56F1725F1D800BB7889 /* BaseApp */,
				AC03B5681725F1D800BB7889 /* Frameworks */,
				AC03B5671725F1D800BB7889 /* Products */,
			);
			sourceTree = "<group>";
		};
		AC03B5671725F1D800BB7889 /* Products */ = {
			isa = PBXGroup;
			children = (
				AC03B5661725F1D800BB7889 /* BaseApp.app */,
			);
			name = Products;
			sourceTree = "<group>";
		};
		AC03B5681725F1D800BB7889 /* Frameworks */ = {
			isa = PBXGroup;
			children = (
				AC03B5691725F1D800BB7889 /* Cocoa.framework */,
				AC03B56B1725F1D800BB7889 /* Other Frameworks */,
			);
			name = Frameworks;
			sourceTree = "<group>";
		};
		AC03B56B1725F1D800BB7889 /* Other Frameworks */ = {
			isa = PBXGroup;
			children = (
				AC03B56C1725F1D800BB7889 /* AppKit.framework */,
				AC03B56D1725F1D800BB7889 /* CoreData.framework */,
				AC03B56E1725F1D800BB7889 /* Foundation.framework */,
			);
			name = "Other Frameworks";
			sourceTree = "<group>";
		};
		AC03B56F1725F1D800BB7889 /* BaseApp */ = {
			isa = PBXGroup;
			children = (
				AC03B5701725F1D800BB7889 /* Supporting Files */,
			);
			path = BaseApp;
			sourceTree = "<group>";
		};
		AC03B5701725F1D800BB7889 /* Supporting Files */ = {
			isa = PBXGroup;
			children = (
				AC03B5721725F1D800BB7889 /* InfoPlist.strings */,
				AC03B5771725F1D800BB7889 /* BaseApp-Prefix.pch */,
				AC03B5781725F1D800BB7889 /* Credits.rtf */,
			);
			name = "Supporting Files";
			sourceTree = "<group>";
		};
/* End PBXGroup section */

/* Begin PBXNativeTarget section */
		AC03B5651725F1D800BB7889 /* BaseApp */ = {
			isa = PBXNativeTarget;
			buildConfigurationList = AC03B5831725F1D800BB7889 /* Build configuration list for PBXNativeTarget "BaseApp" */;
			buildPhases = (
				AC03B5621725F1D800BB7889 /* Sources */,
				AC03B5631725F1D800BB7889 /* Frameworks */,
				AC03B5641725F1D800BB7889 /* Resources */,
			);
			buildRules = (
			);
			dependencies = (
			);
			name = BaseApp;
			productName = BaseApp;
			productReference = AC03B5661725F1D800BB7889 /* BaseApp.app */;
			productType = "com.apple.product-type.application";
		};
/* End PBXNativeTarget section */

/* Begin PBXProject section */
		AC03B55E1725F1D800BB7889 /* Project object */ = {
			isa = PBXProject;
			attributes = {
				LastUpgradeCheck = 0460;
				ORGANIZATIONNAME = "Zephnia Mukwa";
			};
			buildConfigurationList = AC03B5611725F1D800BB7889 /* Build configuration list for PBXProject "BaseApp" */;
			compatibilityVersion = "Xcode 3.2";
			developmentRegion = English;
			hasScannedForEncodings = 0;
			knownRegions = (
				en,
			);
			mainGroup = AC03B55D1725F1D800BB7889;
			productRefGroup = AC03B5671725F1D800BB7889 /* Products */;
			projectDirPath = "";
			projectRoot = "";
			targets = (
				AC03B5651725F1D800BB7889 /* BaseApp */,
			);
		};
/* End PBXProject section */

/* Begin PBXResourcesBuildPhase section */
		AC03B5641725F1D800BB7889 /* Resources */ = {
			isa = PBXResourcesBuildPhase;
			buildActionMask = 2147483647;
			files = (
				AC03B5741725F1D800BB7889 /* InfoPlist.strings in Resources */,
				AC03B57A1725F1D800BB7889 /* Credits.rtf in Resources */,
			);
			runOnlyForDeploymentPostprocessing = 0;
		};
/* End PBXResourcesBuildPhase section */

/* Begin PBXSourcesBuildPhase section */
		AC03B5621725F1D800BB7889 /* Sources */ = {
			isa = PBXSourcesBuildPhase;
			buildActionMask = 2147483647;
			files = (
				AC964A08172630710067F66C /* BaseApp.cpp in Sources */,
			);
			runOnlyForDeploymentPostprocessing = 0;
		};
/* End PBXSourcesBuildPhase section */

/* Begin PBXVariantGroup section */
		AC03B5721725F1D800BB7889 /* InfoPlist.strings */ = {
			isa = PBXVariantGroup;
			children = (
				AC03B5731725F1D800BB7889 /* en */,
			);
			name = InfoPlist.strings;
			sourceTree = "<group>";
		};
		AC03B5781725F1D800BB7889 /* Credits.rtf */ = {
			isa = PBXVariantGroup;
			children = (
				AC03B5791725F1D800BB7889 /* en */,
			);
			name = Credits.rtf;
			sourceTree = "<group>";
		};
/* End PBXVariantGroup section */

/* Begin XCBuildConfiguration section */
		AC03B5811725F1D800BB7889 /* Debug */ = {
			isa = XCBuildConfiguration;
			buildSettings = {
				ALWAYS_SEARCH_USER_PATHS = NO;
				ARCHS = "$(ARCHS_STANDARD_64_BIT)";
				CLANG_CXX_LANGUAGE_STANDARD = "gnu++0x";
				CLANG_CXX_LIBRARY = "libc++";
				CLANG_WARN_CONSTANT_CONVERSION = YES;
				CLANG_WARN_EMPTY_BODY = YES;
				CLANG_WARN_ENUM_CONVERSION = YES;
				CLANG_WARN_INT_CONVERSION = YES;
				CLANG_WARN__DUPLICATE_METHOD_MATCH = YES;
				COPY_PHASE_STRIP = NO;
				GCC_C_LANGUAGE_STANDARD = gnu99;
				GCC_DYNAMIC_NO_PIC = NO;
				GCC_ENABLE_OBJC_EXCEPTIONS = YES;
				GCC_OPTIMIZATION_LEVEL = 0;
				GCC_PREPROCESSOR_DEFINITIONS = (
					"DEBUG=1",
					"$(inherited)",
				);
				GCC_SYMBOLS_PRIVATE_EXTERN = NO;
				GCC_WARN_64_TO_32_BIT_CONVERSION = YES;
				GCC_WARN_ABOUT_RETURN_TYPE = YES;
				GCC_WARN_UNINITIALIZED_AUTOS = YES;
				GCC_WARN_UNUSED_VARIABLE = YES;
				MACOSX_DEPLOYMENT_TARGET = 10.8;
				ONLY_ACTIVE_ARCH = YES;
				SDKROOT = macosx;
			};
			name = Debug;
		};
		AC03B5821725F1D800BB7889 /* Release */ = {
			isa = XCBuildConfiguration;
			buildSettings = {
				ALWAYS_SEARCH_USER_PATHS = NO;
				ARCHS = "$(ARCHS_STANDARD_64_BIT)";
				CLANG_CXX_LANGUAGE_STANDARD = "gnu++0x";
				CLANG_CXX_LIBRARY = "libc++";
				CLANG_WARN_CONSTANT_CONVERSION = YES;
				CLANG_WARN_EMPTY_BODY = YES;
				CLANG_WARN_ENUM_CONVERSION = YES;
				CLANG_WARN_INT_CONVERSION = YES;
				CLANG_WARN__DUPLICATE_METHOD_MATCH = YES;
				COPY_PHASE_STRIP = YES;
				DEBUG_INFORMATION_FORMAT = "dwarf-with-dsym";
				GCC_C_LANGUAGE_STANDARD = gnu99;
				GCC_ENABLE_OBJC_EXCEPTIONS = YES;
				GCC_WARN_64_TO_32_BIT_CONVERSION = YES;
				GCC_WARN_ABOUT_RETURN_TYPE = YES;
				GCC_WARN_UNINITIALIZED_AUTOS = YES;
				GCC_WARN_UNUSED_VARIABLE = YES;
				MACOSX_DEPLOYMENT_TARGET = 10.8;
				SDKROOT = macosx;
			};
			name = Release;
		};
		AC03B5841725F1D800BB7889 /* Debug */ = {
			isa = XCBuildConfiguration;
			buildSettings = {
				ARCHS = "$(ARCHS_STANDARD_32_64_BIT)";
				CINDER_PATH = /Users/zmukwa/cinder;
				COMBINE_HIDPI_IMAGES = YES;
				GCC_PRECOMPILE_PREFIX_HEADER = YES;
				GCC_PREFIX_HEADER = "";
				INFOPLIST_FILE = "BaseApp/BaseApp-Info.plist";
				LIBRARY_SEARCH_PATHS = "$(CINDER_PATH)/boost";
				OTHER_LDFLAGS = "$(CINDER_PATH)/lib/libcinder_d.a";
				PRODUCT_NAME = "$(TARGET_NAME)";
				USER_HEADER_SEARCH_PATHS = "$(CINDER_PATH)";
				WRAPPER_EXTENSION = app;
			};
			name = Debug;
		};
		AC03B5851725F1D800BB7889 /* Release */ = {
			isa = XCBuildConfiguration;
			buildSettings = {
				ARCHS = "$(ARCHS_STANDARD_32_64_BIT)";
				CINDER_PATH = /Users/zmukwa/cinder;
				COMBINE_HIDPI_IMAGES = YES;
				GCC_PRECOMPILE_PREFIX_HEADER = YES;
				GCC_PREFIX_HEADER = "";
				INFOPLIST_FILE = "BaseApp/BaseApp-Info.plist";
				LIBRARY_SEARCH_PATHS = "$(CINDER_PATH)/boost";
				OTHER_LDFLAGS = "$(CINDER_PATH)/lib/libcinder.a";
				PRODUCT_NAME = "$(TARGET_NAME)";
				USER_HEADER_SEARCH_PATHS = "$(CINDER_PATH)";
				WRAPPER_EXTENSION = app;
			};
			name = Release;
		};
/* End XCBuildConfiguration section */

/* Begin XCConfigurationList section */
		AC03B5611725F1D800BB7889 /* Build configuration list for PBXProject "BaseApp" */ = {
			isa = XCConfigurationList;
			buildConfigurations = (
				AC03B5811725F1D800BB7889 /* Debug */,
				AC03B5821725F1D800BB7889 /* Release */,
			);
			defaultConfigurationIsVisible = 0;
			defaultConfigurationName = Release;
		};
		AC03B5831725F1D800BB7889 /* Build configuration list for PBXNativeTarget "BaseApp" */ = {
			isa = XCConfigurationList;
			buildConfigurations = (
				AC03B5841725F1D800BB7889 /* Debug */,
				AC03B5851725F1D800BB7889 /* Release */,
			);
			defaultConfigurationIsVisible = 0;
			defaultConfigurationName = Release;
		};
/* End XCConfigurationList section */
	};
	rootObject = AC03B55E1725F1D800BB7889 /* Project object */;
}
